
Microsoft Visual Studio Solution File, Format Version 12.00
# Visual Studio Version 17
VisualStudioVersion = 17.3.32611.2
MinimumVisualStudioVersion = 10.0.40219.1
Project("{FAE04EC0-301F-11D3-BF4B-00C04F79EFBC}") = "сcs", "сcs\сcs.csproj", "{B1B0D93F-1134-4382-996D-6B665D34FFBA}"
EndProject
Global
	GlobalSection(SolutionConfigurationPlatforms) = preSolution
		Debug|Any CPU = Debug|Any CPU
		Release|Any CPU = Release|Any CPU
	EndGlobalSection
	GlobalSection(ProjectConfigurationPlatforms) = postSolution
		{B1B0D93F-1134-4382-996D-6B665D34FFBA}.Debug|Any CPU.ActiveCfg = Debug|Any CPU
		{B1B0D93F-1134-4382-996D-6B665D34FFBA}.Debug|Any CPU.Build.0 = Debug|Any CPU
		{B1B0D93F-1134-4382-996D-6B665D34FFBA}.Release|Any CPU.ActiveCfg = Release|Any CPU
		{B1B0D93F-1134-4382-996D-6B665D34FFBA}.Release|Any CPU.Build.0 = Release|Any CPU
	EndGlobalSection
	GlobalSection(SolutionProperties) = preSolution
		HideSolutionNode = FALSE
	EndGlobalSection
	GlobalSection(ExtensibilityGlobals) = postSolution
		SolutionGuid = {D55DBB90-A7AC-4C4F-A63C-F202FC0F13B9}
	EndGlobalSection
EndGlobal
