
Microsoft Visual Studio Solution File, Format Version 12.00
# Visual Studio Version 17
VisualStudioVersion = 17.1.32228.430
MinimumVisualStudioVersion = 10.0.40219.1
Project("{FAE04EC0-301F-11D3-BF4B-00C04F79EFBC}") = "Form", "Form\Form.csproj", "{6825DDFD-34D1-4EB9-986B-6E669B239C59}"
EndProject
Global
	GlobalSection(SolutionConfigurationPlatforms) = preSolution
		Debug|Any CPU = Debug|Any CPU
		Release|Any CPU = Release|Any CPU
	EndGlobalSection
	GlobalSection(ProjectConfigurationPlatforms) = postSolution
		{6825DDFD-34D1-4EB9-986B-6E669B239C59}.Debug|Any CPU.ActiveCfg = Debug|Any CPU
		{6825DDFD-34D1-4EB9-986B-6E669B239C59}.Debug|Any CPU.Build.0 = Debug|Any CPU
		{6825DDFD-34D1-4EB9-986B-6E669B239C59}.Release|Any CPU.ActiveCfg = Release|Any CPU
		{6825DDFD-34D1-4EB9-986B-6E669B239C59}.Release|Any CPU.Build.0 = Release|Any CPU
	EndGlobalSection
	GlobalSection(SolutionProperties) = preSolution
		HideSolutionNode = FALSE
	EndGlobalSection
	GlobalSection(ExtensibilityGlobals) = postSolution
		SolutionGuid = {68AC6AC4-F528-41E5-B4B2-130F36BB1CE4}
	EndGlobalSection
EndGlobal
