
Microsoft Visual Studio Solution File, Format Version 12.00
# Visual Studio Version 17
VisualStudioVersion = 17.3.32505.426
MinimumVisualStudioVersion = 10.0.40219.1
Project("{8BC9CEB8-8B4A-11D0-8D11-00A0C91BC942}") = "cppProj1", "cppProj1\cppProj1.vcxproj", "{FDC41904-7A56-486E-9D9E-06CFB9DAC430}"
EndProject
Global
	GlobalSection(SolutionConfigurationPlatforms) = preSolution
		Debug|x64 = Debug|x64
		Debug|x86 = Debug|x86
		Release|x64 = Release|x64
		Release|x86 = Release|x86
	EndGlobalSection
	GlobalSection(ProjectConfigurationPlatforms) = postSolution
		{FDC41904-7A56-486E-9D9E-06CFB9DAC430}.Debug|x64.ActiveCfg = Debug|x64
		{FDC41904-7A56-486E-9D9E-06CFB9DAC430}.Debug|x64.Build.0 = Debug|x64
		{FDC41904-7A56-486E-9D9E-06CFB9DAC430}.Debug|x86.ActiveCfg = Debug|Win32
		{FDC41904-7A56-486E-9D9E-06CFB9DAC430}.Debug|x86.Build.0 = Debug|Win32
		{FDC41904-7A56-486E-9D9E-06CFB9DAC430}.Release|x64.ActiveCfg = Release|x64
		{FDC41904-7A56-486E-9D9E-06CFB9DAC430}.Release|x64.Build.0 = Release|x64
		{FDC41904-7A56-486E-9D9E-06CFB9DAC430}.Release|x86.ActiveCfg = Release|Win32
		{FDC41904-7A56-486E-9D9E-06CFB9DAC430}.Release|x86.Build.0 = Release|Win32
	EndGlobalSection
	GlobalSection(SolutionProperties) = preSolution
		HideSolutionNode = FALSE
	EndGlobalSection
	GlobalSection(ExtensibilityGlobals) = postSolution
		SolutionGuid = {0A703B5C-CE53-421E-B134-FC496F5FE601}
	EndGlobalSection
EndGlobal
